
Microsoft Visual Studio Solution File, Format Version 12.00
# Visual Studio Version 17
VisualStudioVersion = 17.9.34622.214
MinimumVisualStudioVersion = 10.0.40219.1
Project("{888888A0-9F3D-457C-B088-3A5042F75D52}") = "Print", "Print\Print.pyproj", "{5200AA3F-76E2-4F7A-89C8-5B7A7BE60124}"
EndProject
Global
	GlobalSection(SolutionConfigurationPlatforms) = preSolution
		Debug|Any CPU = Debug|Any CPU
		Release|Any CPU = Release|Any CPU
	EndGlobalSection
	GlobalSection(ProjectConfigurationPlatforms) = postSolution
		{5200AA3F-76E2-4F7A-89C8-5B7A7BE60124}.Debug|Any CPU.ActiveCfg = Debug|Any CPU
		{5200AA3F-76E2-4F7A-89C8-5B7A7BE60124}.Release|Any CPU.ActiveCfg = Release|Any CPU
	EndGlobalSection
	GlobalSection(SolutionProperties) = preSolution
		HideSolutionNode = FALSE
	EndGlobalSection
	GlobalSection(ExtensibilityGlobals) = postSolution
		SolutionGuid = {ED9358BF-6609-4900-A020-DE318515E0D8}
	EndGlobalSection
EndGlobal
